
Microsoft Visual Studio Solution File, Format Version 12.00
# Visual Studio Version 17
VisualStudioVersion = 17.3.32929.385
MinimumVisualStudioVersion = 10.0.40219.1
Project("{9A19103F-16F7-4668-BE54-9A1E7A4F7556}") = "Products.APIChallenge", "Products.APIChallenge\Products.APIChallenge.csproj", "{CCB7FEB6-E49F-4339-BCC2-DF82D06C5844}"
EndProject
Project("{FAE04EC0-301F-11D3-BF4B-00C04F79EFBC}") = "Products.Infrastructure", "Products.Infrastructure\Products.Infrastructure.csproj", "{B43B22C2-D614-405C-BA2B-E03ADF851277}"
EndProject
Project("{FAE04EC0-301F-11D3-BF4B-00C04F79EFBC}") = "Products.Core", "Products.Core\Products.Core.csproj", "{569A2B9B-1F5B-4197-A35B-591F4B3ED6D6}"
EndProject
Global
	GlobalSection(SolutionConfigurationPlatforms) = preSolution
		Debug|Any CPU = Debug|Any CPU
		Release|Any CPU = Release|Any CPU
	EndGlobalSection
	GlobalSection(ProjectConfigurationPlatforms) = postSolution
		{CCB7FEB6-E49F-4339-BCC2-DF82D06C5844}.Debug|Any CPU.ActiveCfg = Debug|Any CPU
		{CCB7FEB6-E49F-4339-BCC2-DF82D06C5844}.Debug|Any CPU.Build.0 = Debug|Any CPU
		{CCB7FEB6-E49F-4339-BCC2-DF82D06C5844}.Release|Any CPU.ActiveCfg = Release|Any CPU
		{CCB7FEB6-E49F-4339-BCC2-DF82D06C5844}.Release|Any CPU.Build.0 = Release|Any CPU
		{B43B22C2-D614-405C-BA2B-E03ADF851277}.Debug|Any CPU.ActiveCfg = Debug|Any CPU
		{B43B22C2-D614-405C-BA2B-E03ADF851277}.Debug|Any CPU.Build.0 = Debug|Any CPU
		{B43B22C2-D614-405C-BA2B-E03ADF851277}.Release|Any CPU.ActiveCfg = Release|Any CPU
		{B43B22C2-D614-405C-BA2B-E03ADF851277}.Release|Any CPU.Build.0 = Release|Any CPU
		{569A2B9B-1F5B-4197-A35B-591F4B3ED6D6}.Debug|Any CPU.ActiveCfg = Debug|Any CPU
		{569A2B9B-1F5B-4197-A35B-591F4B3ED6D6}.Debug|Any CPU.Build.0 = Debug|Any CPU
		{569A2B9B-1F5B-4197-A35B-591F4B3ED6D6}.Release|Any CPU.ActiveCfg = Release|Any CPU
		{569A2B9B-1F5B-4197-A35B-591F4B3ED6D6}.Release|Any CPU.Build.0 = Release|Any CPU
	EndGlobalSection
	GlobalSection(SolutionProperties) = preSolution
		HideSolutionNode = FALSE
	EndGlobalSection
	GlobalSection(ExtensibilityGlobals) = postSolution
		SolutionGuid = {E895F650-E441-4279-A9BB-979395A2E26C}
	EndGlobalSection
EndGlobal
